PODS:
  - Alamofire (5.4.3)
  - Kingfisher (6.3.0)
  - SwiftSpinner (2.2.0)
  - SwiftyJSON (5.0.1)
  - UIScrollView-InfiniteScroll (1.1.0)

DEPENDENCIES:
  - Alamofire
  - Kingfisher
  - SwiftSpinner
  - SwiftyJSON
  - UIScrollView-InfiniteScroll

SPEC REPOS:
  trunk:
    - Alamofire
    - Kingfisher
    - SwiftSpinner
    - SwiftyJSON
    - UIScrollView-InfiniteScroll

SPEC CHECKSUMS:
  Alamofire: e447a2774a40c996748296fa2c55112fdbbc42f9
  Kingfisher: 6c3df386db71d82c0817a429d2c9421a77396529
  SwiftSpinner: f9b59477fe107427f2b5b835497d6636fa167ede
  SwiftyJSON: 2f33a42c6fbc52764d96f13368585094bfd8aa5e
  UIScrollView-InfiniteScroll: 3ef456bcbe759c19f510a383cff96e6647c98c98

PODFILE CHECKSUM: 57a391164f7b26f89bb26e068d01b2f0354eca64

COCOAPODS: 1.10.1
